// !$*UTF8*$!
{
	archiveVersion = 1;
	classes = {
	};
	objectVersion = 50;
	objects = {

/* Begin PBXBuildFile section */
		D64D951625B468C100ABCD4D /* YandexWeatherData.swift in Sources */ = {isa = PBXBuildFile; fileRef = D64D951525B468C100ABCD4D /* YandexWeatherData.swift */; };
		D64D951A25B4979D00ABCD4D /* WeatherListCell.swift in Sources */ = {isa = PBXBuildFile; fileRef = D64D951925B4979D00ABCD4D /* WeatherListCell.swift */; };
		D64D953625B4C0D700ABCD4D /* NetworkManager.swift in Sources */ = {isa = PBXBuildFile; fileRef = D64D953525B4C0D700ABCD4D /* NetworkManager.swift */; };
		D64D953925B4C3AB00ABCD4D /* Cities.swift in Sources */ = {isa = PBXBuildFile; fileRef = D64D953825B4C3AB00ABCD4D /* Cities.swift */; };
		D64D953C25B4C97F00ABCD4D /* Cordinates2DString.swift in Sources */ = {isa = PBXBuildFile; fileRef = D64D953B25B4C97F00ABCD4D /* Cordinates2DString.swift */; };
		D64EBAF425B348DB001DF553 /* AppDelegate.swift in Sources */ = {isa = PBXBuildFile; fileRef = D64EBAF325B348DB001DF553 /* AppDelegate.swift */; };
		D64EBAF625B348DB001DF553 /* SceneDelegate.swift in Sources */ = {isa = PBXBuildFile; fileRef = D64EBAF525B348DB001DF553 /* SceneDelegate.swift */; };
		D64EBAF825B348DB001DF553 /* WeatherListViewController.swift in Sources */ = {isa = PBXBuildFile; fileRef = D64EBAF725B348DB001DF553 /* WeatherListViewController.swift */; };
		D64EBAFB25B348DB001DF553 /* Main.storyboard in Resources */ = {isa = PBXBuildFile; fileRef = D64EBAF925B348DB001DF553 /* Main.storyboard */; };
		D64EBAFD25B348E2001DF553 /* Assets.xcassets in Resources */ = {isa = PBXBuildFile; fileRef = D64EBAFC25B348E2001DF553 /* Assets.xcassets */; };
		D64EBB0025B348E2001DF553 /* LaunchScreen.storyboard in Resources */ = {isa = PBXBuildFile; fileRef = D64EBAFE25B348E2001DF553 /* LaunchScreen.storyboard */; };
		D64EBB0A25B367B7001DF553 /* LocationManager.swift in Sources */ = {isa = PBXBuildFile; fileRef = D64EBB0925B367B7001DF553 /* LocationManager.swift */; };
		D6A49D0325B6186C00CE6E4D /* WeatherListCellViewModel.swift in Sources */ = {isa = PBXBuildFile; fileRef = D6A49D0225B6186C00CE6E4D /* WeatherListCellViewModel.swift */; };
		FC25723FD71E530979BEB3A5 /* Pods_YandexWeatherBasedApp.framework in Frameworks */ = {isa = PBXBuildFile; fileRef = 17BE76093F8E716000C92F7B /* Pods_YandexWeatherBasedApp.framework */; };
/* End PBXBuildFile section */

/* Begin PBXFileReference section */
		17BE76093F8E716000C92F7B /* Pods_YandexWeatherBasedApp.framework */ = {isa = PBXFileReference; explicitFileType = wrapper.framework; includeInIndex = 0; path = Pods_YandexWeatherBasedApp.framework; sourceTree = BUILT_PRODUCTS_DIR; };
		6EB21C53D90A14E3DFB95282 /* Pods-YandexWeatherBasedApp.release.xcconfig */ = {isa = PBXFileReference; includeInIndex = 1; lastKnownFileType = text.xcconfig; name = "Pods-YandexWeatherBasedApp.release.xcconfig"; path = "Target Support Files/Pods-YandexWeatherBasedApp/Pods-YandexWeatherBasedApp.release.xcconfig"; sourceTree = "<group>"; };
		AF80644A2AE41C738861263C /* Pods-YandexWeatherBasedApp.debug.xcconfig */ = {isa = PBXFileReference; includeInIndex = 1; lastKnownFileType = text.xcconfig; name = "Pods-YandexWeatherBasedApp.debug.xcconfig"; path = "Target Support Files/Pods-YandexWeatherBasedApp/Pods-YandexWeatherBasedApp.debug.xcconfig"; sourceTree = "<group>"; };
		D64D951525B468C100ABCD4D /* YandexWeatherData.swift */ = {isa = PBXFileReference; lastKnownFileType = sourcecode.swift; name = YandexWeatherData.swift; path = YandexWeatherBasedApp/Models/YandexWeatherData.swift; sourceTree = SOURCE_ROOT; };
		D64D951925B4979D00ABCD4D /* WeatherListCell.swift */ = {isa = PBXFileReference; lastKnownFileType = sourcecode.swift; path = WeatherListCell.swift; sourceTree = "<group>"; };
		D64D953525B4C0D700ABCD4D /* NetworkManager.swift */ = {isa = PBXFileReference; lastKnownFileType = sourcecode.swift; path = NetworkManager.swift; sourceTree = SOURCE_ROOT; };
		D64D953825B4C3AB00ABCD4D /* Cities.swift */ = {isa = PBXFileReference; lastKnownFileType = sourcecode.swift; path = Cities.swift; sourceTree = "<group>"; };
		D64D953B25B4C97F00ABCD4D /* Cordinates2DString.swift */ = {isa = PBXFileReference; lastKnownFileType = sourcecode.swift; path = Cordinates2DString.swift; sourceTree = "<group>"; };
		D64EBAF025B348DB001DF553 /* YandexWeatherBasedApp.app */ = {isa = PBXFileReference; explicitFileType = wrapper.application; includeInIndex = 0; path = YandexWeatherBasedApp.app; sourceTree = BUILT_PRODUCTS_DIR; };
		D64EBAF325B348DB001DF553 /* AppDelegate.swift */ = {isa = PBXFileReference; lastKnownFileType = sourcecode.swift; path = AppDelegate.swift; sourceTree = "<group>"; };
		D64EBAF525B348DB001DF553 /* SceneDelegate.swift */ = {isa = PBXFileReference; lastKnownFileType = sourcecode.swift; path = SceneDelegate.swift; sourceTree = "<group>"; };
		D64EBAF725B348DB001DF553 /* WeatherListViewController.swift */ = {isa = PBXFileReference; lastKnownFileType = sourcecode.swift; path = WeatherListViewController.swift; sourceTree = "<group>"; };
		D64EBAFA25B348DB001DF553 /* Base */ = {isa = PBXFileReference; lastKnownFileType = file.storyboard; name = Base; path = Base.lproj/Main.storyboard; sourceTree = "<group>"; };
		D64EBAFC25B348E2001DF553 /* Assets.xcassets */ = {isa = PBXFileReference; lastKnownFileType = folder.assetcatalog; path = Assets.xcassets; sourceTree = "<group>"; };
		D64EBAFF25B348E2001DF553 /* Base */ = {isa = PBXFileReference; lastKnownFileType = file.storyboard; name = Base; path = Base.lproj/LaunchScreen.storyboard; sourceTree = "<group>"; };
		D64EBB0125B348E2001DF553 /* Info.plist */ = {isa = PBXFileReference; lastKnownFileType = text.plist.xml; path = Info.plist; sourceTree = "<group>"; };
		D64EBB0925B367B7001DF553 /* LocationManager.swift */ = {isa = PBXFileReference; lastKnownFileType = sourcecode.swift; path = LocationManager.swift; sourceTree = "<group>"; };
		D6A49D0225B6186C00CE6E4D /* WeatherListCellViewModel.swift */ = {isa = PBXFileReference; lastKnownFileType = sourcecode.swift; path = WeatherListCellViewModel.swift; sourceTree = "<group>"; };
/* End PBXFileReference section */

/* Begin PBXFrameworksBuildPhase section */
		D64EBAED25B348DB001DF553 /* Frameworks */ = {
			isa = PBXFrameworksBuildPhase;
			buildActionMask = 2147483647;
			files = (
				FC25723FD71E530979BEB3A5 /* Pods_YandexWeatherBasedApp.framework in Frameworks */,
			);
			runOnlyForDeploymentPostprocessing = 0;
		};
/* End PBXFrameworksBuildPhase section */

/* Begin PBXGroup section */
		84353492540F01308286CB85 /* Frameworks */ = {
			isa = PBXGroup;
			children = (
				17BE76093F8E716000C92F7B /* Pods_YandexWeatherBasedApp.framework */,
			);
			name = Frameworks;
			sourceTree = "<group>";
		};
		CF8863C27B29FED23DA263B5 /* Pods */ = {
			isa = PBXGroup;
			children = (
				AF80644A2AE41C738861263C /* Pods-YandexWeatherBasedApp.debug.xcconfig */,
				6EB21C53D90A14E3DFB95282 /* Pods-YandexWeatherBasedApp.release.xcconfig */,
			);
			name = Pods;
			path = Pods;
			sourceTree = "<group>";
		};
		D64D952025B49A4100ABCD4D /* WeatherList */ = {
			isa = PBXGroup;
			children = (
				D64EBAF725B348DB001DF553 /* WeatherListViewController.swift */,
				D64D952825B49BF700ABCD4D /* WeatherListCell */,
			);
			path = WeatherList;
			sourceTree = "<group>";
		};
		D64D952825B49BF700ABCD4D /* WeatherListCell */ = {
			isa = PBXGroup;
			children = (
				D64D951925B4979D00ABCD4D /* WeatherListCell.swift */,
				D6A49D0225B6186C00CE6E4D /* WeatherListCellViewModel.swift */,
			);
			path = WeatherListCell;
			sourceTree = "<group>";
		};
		D64D953225B4C03D00ABCD4D /* Models */ = {
			isa = PBXGroup;
			children = (
				D64D951525B468C100ABCD4D /* YandexWeatherData.swift */,
				D64D953B25B4C97F00ABCD4D /* Cordinates2DString.swift */,
			);
			path = Models;
			sourceTree = "<group>";
		};
		D64D953325B4C05200ABCD4D /* Managers */ = {
			isa = PBXGroup;
			children = (
				D64D953525B4C0D700ABCD4D /* NetworkManager.swift */,
				D64EBB0925B367B7001DF553 /* LocationManager.swift */,
				D64D953825B4C3AB00ABCD4D /* Cities.swift */,
			);
			path = Managers;
			sourceTree = "<group>";
		};
		D64EBAE725B348DB001DF553 = {
			isa = PBXGroup;
			children = (
				D64EBAF225B348DB001DF553 /* YandexWeatherBasedApp */,
				D64EBAF125B348DB001DF553 /* Products */,
				CF8863C27B29FED23DA263B5 /* Pods */,
				84353492540F01308286CB85 /* Frameworks */,
			);
			sourceTree = "<group>";
		};
		D64EBAF125B348DB001DF553 /* Products */ = {
			isa = PBXGroup;
			children = (
				D64EBAF025B348DB001DF553 /* YandexWeatherBasedApp.app */,
			);
			name = Products;
			sourceTree = "<group>";
		};
		D64EBAF225B348DB001DF553 /* YandexWeatherBasedApp */ = {
			isa = PBXGroup;
			children = (
				D64D952025B49A4100ABCD4D /* WeatherList */,
				D64D953225B4C03D00ABCD4D /* Models */,
				D64D953325B4C05200ABCD4D /* Managers */,
				D64EBAF925B348DB001DF553 /* Main.storyboard */,
				D64EBAF525B348DB001DF553 /* SceneDelegate.swift */,
				D64EBAFC25B348E2001DF553 /* Assets.xcassets */,
				D64EBAF325B348DB001DF553 /* AppDelegate.swift */,
				D64EBAFE25B348E2001DF553 /* LaunchScreen.storyboard */,
				D64EBB0125B348E2001DF553 /* Info.plist */,
			);
			path = YandexWeatherBasedApp;
			sourceTree = "<group>";
		};
/* End PBXGroup section */

/* Begin PBXNativeTarget section */
		D64EBAEF25B348DB001DF553 /* YandexWeatherBasedApp */ = {
			isa = PBXNativeTarget;
			buildConfigurationList = D64EBB0425B348E2001DF553 /* Build configuration list for PBXNativeTarget "YandexWeatherBasedApp" */;
			buildPhases = (
				09AF4617D5BF087ECAA0F7C4 /* [CP] Check Pods Manifest.lock */,
				D64EBAEC25B348DB001DF553 /* Sources */,
				D64EBAED25B348DB001DF553 /* Frameworks */,
				D64EBAEE25B348DB001DF553 /* Resources */,
				AD0CDA16DC1D509A69F2573C /* [CP] Embed Pods Frameworks */,
			);
			buildRules = (
			);
			dependencies = (
			);
			name = YandexWeatherBasedApp;
			productName = YandexWeatherBasedApp;
			productReference = D64EBAF025B348DB001DF553 /* YandexWeatherBasedApp.app */;
			productType = "com.apple.product-type.application";
		};
/* End PBXNativeTarget section */

/* Begin PBXProject section */
		D64EBAE825B348DB001DF553 /* Project object */ = {
			isa = PBXProject;
			attributes = {
				LastSwiftUpdateCheck = 1210;
				LastUpgradeCheck = 1210;
				TargetAttributes = {
					D64EBAEF25B348DB001DF553 = {
						CreatedOnToolsVersion = 12.1;
					};
				};
			};
			buildConfigurationList = D64EBAEB25B348DB001DF553 /* Build configuration list for PBXProject "YandexWeatherBasedApp" */;
			compatibilityVersion = "Xcode 9.3";
			developmentRegion = en;
			hasScannedForEncodings = 0;
			knownRegions = (
				en,
				Base,
			);
			mainGroup = D64EBAE725B348DB001DF553;
			productRefGroup = D64EBAF125B348DB001DF553 /* Products */;
			projectDirPath = "";
			projectRoot = "";
			targets = (
				D64EBAEF25B348DB001DF553 /* YandexWeatherBasedApp */,
			);
		};
/* End PBXProject section */

/* Begin PBXResourcesBuildPhase section */
		D64EBAEE25B348DB001DF553 /* Resources */ = {
			isa = PBXResourcesBuildPhase;
			buildActionMask = 2147483647;
			files = (
				D64EBB0025B348E2001DF553 /* LaunchScreen.storyboard in Resources */,
				D64EBAFD25B348E2001DF553 /* Assets.xcassets in Resources */,
				D64EBAFB25B348DB001DF553 /* Main.storyboard in Resources */,
			);
			runOnlyForDeploymentPostprocessing = 0;
		};
/* End PBXResourcesBuildPhase section */

/* Begin PBXShellScriptBuildPhase section */
		09AF4617D5BF087ECAA0F7C4 /* [CP] Check Pods Manifest.lock */ = {
			isa = PBXShellScriptBuildPhase;
			buildActionMask = 2147483647;
			files = (
			);
			inputFileListPaths = (
			);
			inputPaths = (
				"${PODS_PODFILE_DIR_PATH}/Podfile.lock",
				"${PODS_ROOT}/Manifest.lock",
			);
			name = "[CP] Check Pods Manifest.lock";
			outputFileListPaths = (
			);
			outputPaths = (
				"$(DERIVED_FILE_DIR)/Pods-YandexWeatherBasedApp-checkManifestLockResult.txt",
			);
			runOnlyForDeploymentPostprocessing = 0;
			shellPath = /bin/sh;
			shellScript = "diff \"${PODS_PODFILE_DIR_PATH}/Podfile.lock\" \"${PODS_ROOT}/Manifest.lock\" > /dev/null\nif [ $? != 0 ] ; then\n    # print error to STDERR\n    echo \"error: The sandbox is not in sync with the Podfile.lock. Run 'pod install' or update your CocoaPods installation.\" >&2\n    exit 1\nfi\n# This output is used by Xcode 'outputs' to avoid re-running this script phase.\necho \"SUCCESS\" > \"${SCRIPT_OUTPUT_FILE_0}\"\n";
			showEnvVarsInLog = 0;
		};
		AD0CDA16DC1D509A69F2573C /* [CP] Embed Pods Frameworks */ = {
			isa = PBXShellScriptBuildPhase;
			buildActionMask = 2147483647;
			files = (
			);
			inputFileListPaths = (
				"${PODS_ROOT}/Target Support Files/Pods-YandexWeatherBasedApp/Pods-YandexWeatherBasedApp-frameworks-${CONFIGURATION}-input-files.xcfilelist",
			);
			name = "[CP] Embed Pods Frameworks";
			outputFileListPaths = (
				"${PODS_ROOT}/Target Support Files/Pods-YandexWeatherBasedApp/Pods-YandexWeatherBasedApp-frameworks-${CONFIGURATION}-output-files.xcfilelist",
			);
			runOnlyForDeploymentPostprocessing = 0;
			shellPath = /bin/sh;
			shellScript = "\"${PODS_ROOT}/Target Support Files/Pods-YandexWeatherBasedApp/Pods-YandexWeatherBasedApp-frameworks.sh\"\n";
			showEnvVarsInLog = 0;
		};
/* End PBXShellScriptBuildPhase section */

/* Begin PBXSourcesBuildPhase section */
		D64EBAEC25B348DB001DF553 /* Sources */ = {
			isa = PBXSourcesBuildPhase;
			buildActionMask = 2147483647;
			files = (
				D64D953925B4C3AB00ABCD4D /* Cities.swift in Sources */,
				D64EBB0A25B367B7001DF553 /* LocationManager.swift in Sources */,
				D64EBAF825B348DB001DF553 /* WeatherListViewController.swift in Sources */,
				D64D951625B468C100ABCD4D /* YandexWeatherData.swift in Sources */,
				D64D953625B4C0D700ABCD4D /* NetworkManager.swift in Sources */,
				D64EBAF425B348DB001DF553 /* AppDelegate.swift in Sources */,
				D64EBAF625B348DB001DF553 /* SceneDelegate.swift in Sources */,
				D64D953C25B4C97F00ABCD4D /* Cordinates2DString.swift in Sources */,
				D64D951A25B4979D00ABCD4D /* WeatherListCell.swift in Sources */,
				D6A49D0325B6186C00CE6E4D /* WeatherListCellViewModel.swift in Sources */,
			);
			runOnlyForDeploymentPostprocessing = 0;
		};
/* End PBXSourcesBuildPhase section */

/* Begin PBXVariantGroup section */
		D64EBAF925B348DB001DF553 /* Main.storyboard */ = {
			isa = PBXVariantGroup;
			children = (
				D64EBAFA25B348DB001DF553 /* Base */,
			);
			name = Main.storyboard;
			sourceTree = "<group>";
		};
		D64EBAFE25B348E2001DF553 /* LaunchScreen.storyboard */ = {
			isa = PBXVariantGroup;
			children = (
				D64EBAFF25B348E2001DF553 /* Base */,
			);
			name = LaunchScreen.storyboard;
			sourceTree = "<group>";
		};
/* End PBXVariantGroup section */

/* Begin XCBuildConfiguration section */
		D64EBB0225B348E2001DF553 /* Debug */ = {
			isa = XCBuildConfiguration;
			buildSettings = {
				ALWAYS_SEARCH_USER_PATHS = NO;
				CLANG_ANALYZER_NONNULL = YES;
				CLANG_ANALYZER_NUMBER_OBJECT_CONVERSION = YES_AGGRESSIVE;
				CLANG_CXX_LANGUAGE_STANDARD = "gnu++14";
				CLANG_CXX_LIBRARY = "libc++";
				CLANG_ENABLE_MODULES = YES;
				CLANG_ENABLE_OBJC_ARC = YES;
				CLANG_ENABLE_OBJC_WEAK = YES;
				CLANG_WARN_BLOCK_CAPTURE_AUTORELEASING = YES;
				CLANG_WARN_BOOL_CONVERSION = YES;
				CLANG_WARN_COMMA = YES;
				CLANG_WARN_CONSTANT_CONVERSION = YES;
				CLANG_WARN_DEPRECATED_OBJC_IMPLEMENTATIONS = YES;
				CLANG_WARN_DIRECT_OBJC_ISA_USAGE = YES_ERROR;
				CLANG_WARN_DOCUMENTATION_COMMENTS = YES;
				CLANG_WARN_EMPTY_BODY = YES;
				CLANG_WARN_ENUM_CONVERSION = YES;
				CLANG_WARN_INFINITE_RECURSION = YES;
				CLANG_WARN_INT_CONVERSION = YES;
				CLANG_WARN_NON_LITERAL_NULL_CONVERSION = YES;
				CLANG_WARN_OBJC_IMPLICIT_RETAIN_SELF = YES;
				CLANG_WARN_OBJC_LITERAL_CONVERSION = YES;
				CLANG_WARN_OBJC_ROOT_CLASS = YES_ERROR;
				CLANG_WARN_QUOTED_INCLUDE_IN_FRAMEWORK_HEADER = YES;
				CLANG_WARN_RANGE_LOOP_ANALYSIS = YES;
				CLANG_WARN_STRICT_PROTOTYPES = YES;
				CLANG_WARN_SUSPICIOUS_MOVE = YES;
				CLANG_WARN_UNGUARDED_AVAILABILITY = YES_AGGRESSIVE;
				CLANG_WARN_UNREACHABLE_CODE = YES;
				CLANG_WARN__DUPLICATE_METHOD_MATCH = YES;
				COPY_PHASE_STRIP = NO;
				DEBUG_INFORMATION_FORMAT = dwarf;
				ENABLE_STRICT_OBJC_MSGSEND = YES;
				ENABLE_TESTABILITY = YES;
				GCC_C_LANGUAGE_STANDARD = gnu11;
				GCC_DYNAMIC_NO_PIC = NO;
				GCC_NO_COMMON_BLOCKS = YES;
				GCC_OPTIMIZATION_LEVEL = 0;
				GCC_PREPROCESSOR_DEFINITIONS = (
					"DEBUG=1",
					"$(inherited)",
				);
				GCC_WARN_64_TO_32_BIT_CONVERSION = YES;
				GCC_WARN_ABOUT_RETURN_TYPE = YES_ERROR;
				GCC_WARN_UNDECLARED_SELECTOR = YES;
				GCC_WARN_UNINITIALIZED_AUTOS = YES_AGGRESSIVE;
				GCC_WARN_UNUSED_FUNCTION = YES;
				GCC_WARN_UNUSED_VARIABLE = YES;
				IPHONEOS_DEPLOYMENT_TARGET = 14.1;
				MTL_ENABLE_DEBUG_INFO = INCLUDE_SOURCE;
				MTL_FAST_MATH = YES;
				ONLY_ACTIVE_ARCH = YES;
				SDKROOT = iphoneos;
				SWIFT_ACTIVE_COMPILATION_CONDITIONS = DEBUG;
				SWIFT_OPTIMIZATION_LEVEL = "-Onone";
			};
			name = Debug;
		};
		D64EBB0325B348E2001DF553 /* Release */ = {
			isa = XCBuildConfiguration;
			buildSettings = {
				ALWAYS_SEARCH_USER_PATHS = NO;
				CLANG_ANALYZER_NONNULL = YES;
				CLANG_ANALYZER_NUMBER_OBJECT_CONVERSION = YES_AGGRESSIVE;
				CLANG_CXX_LANGUAGE_STANDARD = "gnu++14";
				CLANG_CXX_LIBRARY = "libc++";
				CLANG_ENABLE_MODULES = YES;
				CLANG_ENABLE_OBJC_ARC = YES;
				CLANG_ENABLE_OBJC_WEAK = YES;
				CLANG_WARN_BLOCK_CAPTURE_AUTORELEASING = YES;
				CLANG_WARN_BOOL_CONVERSION = YES;
				CLANG_WARN_COMMA = YES;
				CLANG_WARN_CONSTANT_CONVERSION = YES;
				CLANG_WARN_DEPRECATED_OBJC_IMPLEMENTATIONS = YES;
				CLANG_WARN_DIRECT_OBJC_ISA_USAGE = YES_ERROR;
				CLANG_WARN_DOCUMENTATION_COMMENTS = YES;
				CLANG_WARN_EMPTY_BODY = YES;
				CLANG_WARN_ENUM_CONVERSION = YES;
				CLANG_WARN_INFINITE_RECURSION = YES;
				CLANG_WARN_INT_CONVERSION = YES;
				CLANG_WARN_NON_LITERAL_NULL_CONVERSION = YES;
				CLANG_WARN_OBJC_IMPLICIT_RETAIN_SELF = YES;
				CLANG_WARN_OBJC_LITERAL_CONVERSION = YES;
				CLANG_WARN_OBJC_ROOT_CLASS = YES_ERROR;
				CLANG_WARN_QUOTED_INCLUDE_IN_FRAMEWORK_HEADER = YES;
				CLANG_WARN_RANGE_LOOP_ANALYSIS = YES;
				CLANG_WARN_STRICT_PROTOTYPES = YES;
				CLANG_WARN_SUSPICIOUS_MOVE = YES;
				CLANG_WARN_UNGUARDED_AVAILABILITY = YES_AGGRESSIVE;
				CLANG_WARN_UNREACHABLE_CODE = YES;
				CLANG_WARN__DUPLICATE_METHOD_MATCH = YES;
				COPY_PHASE_STRIP = NO;
				DEBUG_INFORMATION_FORMAT = "dwarf-with-dsym";
				ENABLE_NS_ASSERTIONS = NO;
				ENABLE_STRICT_OBJC_MSGSEND = YES;
				GCC_C_LANGUAGE_STANDARD = gnu11;
				GCC_NO_COMMON_BLOCKS = YES;
				GCC_WARN_64_TO_32_BIT_CONVERSION = YES;
				GCC_WARN_ABOUT_RETURN_TYPE = YES_ERROR;
				GCC_WARN_UNDECLARED_SELECTOR = YES;
				GCC_WARN_UNINITIALIZED_AUTOS = YES_AGGRESSIVE;
				GCC_WARN_UNUSED_FUNCTION = YES;
				GCC_WARN_UNUSED_VARIABLE = YES;
				IPHONEOS_DEPLOYMENT_TARGET = 14.1;
				MTL_ENABLE_DEBUG_INFO = NO;
				MTL_FAST_MATH = YES;
				SDKROOT = iphoneos;
				SWIFT_COMPILATION_MODE = wholemodule;
				SWIFT_OPTIMIZATION_LEVEL = "-O";
				VALIDATE_PRODUCT = YES;
			};
			name = Release;
		};
		D64EBB0525B348E2001DF553 /* Debug */ = {
			isa = XCBuildConfiguration;
			baseConfigurationReference = AF80644A2AE41C738861263C /* Pods-YandexWeatherBasedApp.debug.xcconfig */;
			buildSettings = {
				ASSETCATALOG_COMPILER_APPICON_NAME = AppIcon;
				ASSETCATALOG_COMPILER_GLOBAL_ACCENT_COLOR_NAME = AccentColor;
				CODE_SIGN_STYLE = Automatic;
				DEVELOPMENT_TEAM = TY8AJ3X7FD;
				INFOPLIST_FILE = YandexWeatherBasedApp/Info.plist;
				IPHONEOS_DEPLOYMENT_TARGET = 13.0;
				LD_RUNPATH_SEARCH_PATHS = (
					"$(inherited)",
					"@executable_path/Frameworks",
				);
				PRODUCT_BUNDLE_IDENTIFIER = Mishania13.YandexWeatherBasedApp;
				PRODUCT_NAME = "$(TARGET_NAME)";
				SWIFT_VERSION = 5.0;
				TARGETED_DEVICE_FAMILY = "1,2";
			};
			name = Debug;
		};
		D64EBB0625B348E2001DF553 /* Release */ = {
			isa = XCBuildConfiguration;
			baseConfigurationReference = 6EB21C53D90A14E3DFB95282 /* Pods-YandexWeatherBasedApp.release.xcconfig */;
			buildSettings = {
				ASSETCATALOG_COMPILER_APPICON_NAME = AppIcon;
				ASSETCATALOG_COMPILER_GLOBAL_ACCENT_COLOR_NAME = AccentColor;
				CODE_SIGN_STYLE = Automatic;
				DEVELOPMENT_TEAM = TY8AJ3X7FD;
				INFOPLIST_FILE = YandexWeatherBasedApp/Info.plist;
				IPHONEOS_DEPLOYMENT_TARGET = 13.0;
				LD_RUNPATH_SEARCH_PATHS = (
					"$(inherited)",
					"@executable_path/Frameworks",
				);
				PRODUCT_BUNDLE_IDENTIFIER = Mishania13.YandexWeatherBasedApp;
				PRODUCT_NAME = "$(TARGET_NAME)";
				SWIFT_VERSION = 5.0;
				TARGETED_DEVICE_FAMILY = "1,2";
			};
			name = Release;
		};
/* End XCBuildConfiguration section */

/* Begin XCConfigurationList section */
		D64EBAEB25B348DB001DF553 /* Build configuration list for PBXProject "YandexWeatherBasedApp" */ = {
			isa = XCConfigurationList;
			buildConfigurations = (
				D64EBB0225B348E2001DF553 /* Debug */,
				D64EBB0325B348E2001DF553 /* Release */,
			);
			defaultConfigurationIsVisible = 0;
			defaultConfigurationName = Release;
		};
		D64EBB0425B348E2001DF553 /* Build configuration list for PBXNativeTarget "YandexWeatherBasedApp" */ = {
			isa = XCConfigurationList;
			buildConfigurations = (
				D64EBB0525B348E2001DF553 /* Debug */,
				D64EBB0625B348E2001DF553 /* Release */,
			);
			defaultConfigurationIsVisible = 0;
			defaultConfigurationName = Release;
		};
/* End XCConfigurationList section */
	};
	rootObject = D64EBAE825B348DB001DF553 /* Project object */;
}
